<?xml version="1.0" encoding="UTF-8" standalone="yes" ?>
<CodeBlocks_project_file>
	<FileVersion major="1" minor="6" />
	<Project>
		<Option title="ZjCppProject" />
		<Option pch_mode="2" />
		<Option compiler="gcc" />
		<Build>
			<Target title="Debug">
				<Option output="bin/Debug/ZjCppProject" prefix_auto="1" extension_auto="1" />
				<Option object_output="obj/Debug/" />
				<Option type="1" />
				<Option compiler="gcc" />
				<Compiler>
					<Add option="-g" />
				</Compiler>
			</Target>
			<Target title="Release">
				<Option output="bin/Release/ZjCppProject" prefix_auto="1" extension_auto="1" />
				<Option object_output="obj/Release/" />
				<Option type="1" />
				<Option compiler="gcc" />
				<Compiler>
					<Add option="-O2" />
				</Compiler>
				<Linker>
					<Add option="-s" />
				</Linker>
			</Target>
		</Build>
		<Compiler>
			<Add option="-Wall" />
			<Add option="-fexceptions" />
		</Compiler>
		<Unit filename="cpp_demos_01/c_swap_demo.c">
			<Option compilerVar="CC" />
		</Unit>
		<Unit filename="cpp_demos_01/cpp_callback_demo.cpp" />
		<Unit filename="cpp_demos_01/cpp_char_demo.cpp" />
		<Unit filename="cpp_demos_01/cpp_const_demo.cpp" />
		<Unit filename="cpp_demos_01/cpp_delete_demo.cpp" />
		<Unit filename="cpp_demos_01/cpp_function_demo.cpp" />
		<Unit filename="cpp_demos_01/cpp_helloworld_main.cpp" />
		<Unit filename="cpp_demos_01/cpp_io_demo.cpp" />
		<Unit filename="cpp_demos_01/cpp_override_demo.cpp" />
		<Unit filename="cpp_demos_01/cpp_pointer_demo.cpp" />
		<Unit filename="cpp_demos_01/cpp_readfile_demo.cpp" />
		<Unit filename="cpp_demos_01/data.txt" />
		<Unit filename="cpp_demos_01/list.txt" />
		<Unit filename="cpp_demos_01/out.txt" />
		<Unit filename="cpp_demos_02/cpp_helloworld_main2.cpp" />
		<Extensions>
			<code_completion />
			<envvars />
			<debugger />
			<lib_finder disable_auto="1" />
		</Extensions>
	</Project>
</CodeBlocks_project_file>
