<?xml version="1.0" encoding="UTF-8" standalone="yes" ?>
<CodeBlocks_project_file>
	<FileVersion major="1" minor="6" />
	<Project>
		<Option title="ZjCppProject" />
		<Option pch_mode="2" />
		<Option compiler="gcc" />
		<Build>
			<Target title="Debug">
				<Option output="bin/Debug/ZjCppProject" prefix_auto="1" extension_auto="1" />
				<Option object_output="obj/Debug/" />
				<Option type="1" />
				<Option compiler="gcc" />
				<Compiler>
					<Add option="-g" />
				</Compiler>
			</Target>
			<Target title="Release">
				<Option output="bin/Release/ZjCppProject" prefix_auto="1" extension_auto="1" />
				<Option object_output="obj/Release/" />
				<Option type="1" />
				<Option compiler="gcc" />
				<Compiler>
					<Add option="-O2" />
				</Compiler>
				<Linker>
					<Add option="-s" />
				</Linker>
			</Target>
		</Build>
		<Compiler>
			<Add option="-Wall" />
			<Add option="-fexceptions" />
		</Compiler>
		<Unit filename="cpp_demos_01/c_swap_demo.c">
			<Option compilerVar="CC" />
		</Unit>
		<Unit filename="cpp_demos_01/coordin.h" />
		<Unit filename="cpp_demos_01/cpp_callback_demo.cpp" />
		<Unit filename="cpp_demos_01/cpp_char_demo.cpp" />
		<Unit filename="cpp_demos_01/cpp_class_this_demo.cpp" />
		<Unit filename="cpp_demos_01/cpp_const_demo.cpp" />
		<Unit filename="cpp_demos_01/cpp_coordin.cpp" />
		<Unit filename="cpp_demos_01/cpp_coordin_demo.cpp" />
		<Unit filename="cpp_demos_01/cpp_delete_demo.cpp" />
		<Unit filename="cpp_demos_01/cpp_function_demo.cpp" />
		<Unit filename="cpp_demos_01/cpp_helloworld_main.cpp" />
		<Unit filename="cpp_demos_01/cpp_io_demo.cpp" />
		<Unit filename="cpp_demos_01/cpp_iterator_demo.cpp" />
		<Unit filename="cpp_demos_01/cpp_override_demo.cpp" />
		<Unit filename="cpp_demos_01/cpp_pointer_demo.cpp" />
		<Unit filename="cpp_demos_01/cpp_readfile_demo.cpp" />
		<Unit filename="cpp_demos_01/cpp_static_class_demo.cpp" />
		<Unit filename="cpp_demos_01/cpp_swap_demo.cpp" />
		<Unit filename="cpp_demos_01/data.txt" />
		<Unit filename="cpp_demos_01/list.txt" />
		<Unit filename="cpp_demos_01/out.txt" />
		<Unit filename="cpp_demos_02/cpp_arr_parms_demo.cpp" />
		<Unit filename="cpp_demos_02/cpp_auto_ptr_demo.cpp" />
		<Unit filename="cpp_demos_02/cpp_auto_ptr_demo2.cpp" />
		<Unit filename="cpp_demos_02/cpp_class_derived_demo.cpp" />
		<Unit filename="cpp_demos_02/cpp_cls_var_init_demo.cpp" />
		<Unit filename="cpp_demos_02/cpp_const_var_demo.cpp" />
		<Unit filename="cpp_demos_02/cpp_constructor_demo.cpp" />
		<Unit filename="cpp_demos_02/cpp_constructor_demo2.cpp" />
		<Unit filename="cpp_demos_02/cpp_enum_demo.cpp" />
		<Unit filename="cpp_demos_02/cpp_enum_demo2.cpp" />
		<Unit filename="cpp_demos_02/cpp_helloworld_main2.cpp" />
		<Unit filename="cpp_demos_02/cpp_r_reference_demo.cpp" />
		<Unit filename="cpp_demos_02/cpp_reference_demo.cpp" />
		<Unit filename="cpp_demos_02/cpp_sizeof_demo.cpp" />
		<Unit filename="cpp_demos_02/cpp_swap_demo2.cpp" />
		<Unit filename="cpp_demos_02/cpp_template_demo.cpp" />
		<Unit filename="cpp_demos_02/cpp_vir_fn_demo.cpp" />
		<Unit filename="cpp_demos_02/cpp_vir_fn_demo2.cpp" />
		<Unit filename="cpp_demos_02/cpp_vir_fn_demo3.cpp" />
		<Unit filename="cpp_demos_02/cpp_vir_fn_demo4.cpp" />
		<Unit filename="cpp_demos_03/cpp_cast_demo.cpp" />
		<Unit filename="cpp_demos_03/cpp_class_vars_init_demo.cpp" />
		<Unit filename="cpp_demos_03/cpp_external_demo01.cpp" />
		<Unit filename="cpp_demos_03/cpp_external_demo02.cpp" />
		<Unit filename="cpp_demos_03/cpp_external_header_demo.h" />
		<Unit filename="cpp_demos_03/cpp_helloworld_demo3.cpp" />
		<Unit filename="cpp_demos_03/cpp_my_test_01.cpp" />
		<Unit filename="cpp_demos_03/cpp_my_test_02.cpp" />
		<Unit filename="cpp_demos_03/cpp_my_test_03.cpp" />
		<Unit filename="cpp_demos_03/cpp_my_test_04.cpp" />
		<Unit filename="cpp_demos_03/cpp_sort_demo01.cpp" />
		<Unit filename="cpp_demos_03/cpp_sort_demo02.cpp" />
		<Unit filename="cpp_demos_03/cpp_sort_demo03.cpp" />
		<Unit filename="cpp_demos_03/cpp_string_demo.cpp" />
		<Unit filename="cpp_demos_03/cpp_string_header_demo.h" />
		<Extensions>
			<code_completion />
			<envvars />
			<debugger />
			<lib_finder disable_auto="1" />
		</Extensions>
	</Project>
</CodeBlocks_project_file>
